
Microsoft Visual Studio Solution File, Format Version 12.00
# Visual Studio 15
Project("{FAE04EC0-301F-11D3-BF4B-00C04F79EFBC}") = "UniRx", "UniRx.csproj", "{BBF5ADAB-4614-2701-C8F8-7612F8309A02}"
EndProject
Project("{FAE04EC0-301F-11D3-BF4B-00C04F79EFBC}") = "UniTask", "UniTask.csproj", "{62EB94FD-5342-BBFB-08FF-3F4FE13D3F48}"
EndProject
Project("{FAE04EC0-301F-11D3-BF4B-00C04F79EFBC}") = "UniTask.Linq", "UniTask.Linq.csproj", "{40354229-85B8-4077-DF38-E163A2F4A466}"
EndProject
Project("{FAE04EC0-301F-11D3-BF4B-00C04F79EFBC}") = "XNodeEditor", "XNodeEditor.csproj", "{5D1C1CEE-A132-0F80-E249-5C6B0D5F7C8A}"
EndProject
Project("{FAE04EC0-301F-11D3-BF4B-00C04F79EFBC}") = "UniTask.Addressables", "UniTask.Addressables.csproj", "{3071291D-248A-1880-10BE-9BA8071203E5}"
EndProject
Project("{FAE04EC0-301F-11D3-BF4B-00C04F79EFBC}") = "Assembly-CSharp-firstpass", "Assembly-CSharp-firstpass.csproj", "{682D26AC-FC13-7A8F-47D7-D8732FCDFC39}"
EndProject
Project("{FAE04EC0-301F-11D3-BF4B-00C04F79EFBC}") = "XNode", "XNode.csproj", "{97E32B3D-5183-CEBC-E5C8-D937858A08FA}"
EndProject
Project("{FAE04EC0-301F-11D3-BF4B-00C04F79EFBC}") = "UniTask.TextMeshPro", "UniTask.TextMeshPro.csproj", "{7D02F5F2-AF7C-CE11-CC29-CAA7E44276CB}"
EndProject
Project("{FAE04EC0-301F-11D3-BF4B-00C04F79EFBC}") = "BetterStreamingAssets", "BetterStreamingAssets.csproj", "{40D2752E-1C39-8511-92E6-897393E67E1B}"
EndProject
Project("{FAE04EC0-301F-11D3-BF4B-00C04F79EFBC}") = "Assembly-CSharp-Editor-firstpass", "Assembly-CSharp-Editor-firstpass.csproj", "{08447CF9-9E8B-17F6-8BE4-ED669EF8864E}"
EndProject
Project("{FAE04EC0-301F-11D3-BF4B-00C04F79EFBC}") = "UniTask.Editor", "UniTask.Editor.csproj", "{91E3C39E-D6C3-5DBE-AFA1-4A4EE0798A36}"
EndProject
Project("{FAE04EC0-301F-11D3-BF4B-00C04F79EFBC}") = "UniTask.DOTween", "UniTask.DOTween.csproj", "{D9B4B6EE-ACC2-E66F-576A-439F6A43CC55}"
EndProject
Project("{FAE04EC0-301F-11D3-BF4B-00C04F79EFBC}") = "Assembly-CSharp", "Assembly-CSharp.csproj", "{5CFAA08C-FDFA-9FDF-CB8A-17387FC17E52}"
EndProject
Global
	GlobalSection(SolutionConfigurationPlatforms) = preSolution
		Debug|Any CPU = Debug|Any CPU
		Release|Any CPU = Release|Any CPU
	EndGlobalSection
	GlobalSection(ProjectConfigurationPlatforms) = postSolution
		{BBF5ADAB-4614-2701-C8F8-7612F8309A02}.Debug|Any CPU.ActiveCfg = Debug|Any CPU
		{BBF5ADAB-4614-2701-C8F8-7612F8309A02}.Debug|Any CPU.Build.0 = Debug|Any CPU
		{BBF5ADAB-4614-2701-C8F8-7612F8309A02}.Release|Any CPU.ActiveCfg = Release|Any CPU
		{BBF5ADAB-4614-2701-C8F8-7612F8309A02}.Release|Any CPU.Build.0 = Release|Any CPU
		{62EB94FD-5342-BBFB-08FF-3F4FE13D3F48}.Debug|Any CPU.ActiveCfg = Debug|Any CPU
		{62EB94FD-5342-BBFB-08FF-3F4FE13D3F48}.Debug|Any CPU.Build.0 = Debug|Any CPU
		{62EB94FD-5342-BBFB-08FF-3F4FE13D3F48}.Release|Any CPU.ActiveCfg = Release|Any CPU
		{62EB94FD-5342-BBFB-08FF-3F4FE13D3F48}.Release|Any CPU.Build.0 = Release|Any CPU
		{40354229-85B8-4077-DF38-E163A2F4A466}.Debug|Any CPU.ActiveCfg = Debug|Any CPU
		{40354229-85B8-4077-DF38-E163A2F4A466}.Debug|Any CPU.Build.0 = Debug|Any CPU
		{40354229-85B8-4077-DF38-E163A2F4A466}.Release|Any CPU.ActiveCfg = Release|Any CPU
		{40354229-85B8-4077-DF38-E163A2F4A466}.Release|Any CPU.Build.0 = Release|Any CPU
		{5D1C1CEE-A132-0F80-E249-5C6B0D5F7C8A}.Debug|Any CPU.ActiveCfg = Debug|Any CPU
		{5D1C1CEE-A132-0F80-E249-5C6B0D5F7C8A}.Debug|Any CPU.Build.0 = Debug|Any CPU
		{5D1C1CEE-A132-0F80-E249-5C6B0D5F7C8A}.Release|Any CPU.ActiveCfg = Release|Any CPU
		{5D1C1CEE-A132-0F80-E249-5C6B0D5F7C8A}.Release|Any CPU.Build.0 = Release|Any CPU
		{3071291D-248A-1880-10BE-9BA8071203E5}.Debug|Any CPU.ActiveCfg = Debug|Any CPU
		{3071291D-248A-1880-10BE-9BA8071203E5}.Debug|Any CPU.Build.0 = Debug|Any CPU
		{3071291D-248A-1880-10BE-9BA8071203E5}.Release|Any CPU.ActiveCfg = Release|Any CPU
		{3071291D-248A-1880-10BE-9BA8071203E5}.Release|Any CPU.Build.0 = Release|Any CPU
		{682D26AC-FC13-7A8F-47D7-D8732FCDFC39}.Debug|Any CPU.ActiveCfg = Debug|Any CPU
		{682D26AC-FC13-7A8F-47D7-D8732FCDFC39}.Debug|Any CPU.Build.0 = Debug|Any CPU
		{682D26AC-FC13-7A8F-47D7-D8732FCDFC39}.Release|Any CPU.ActiveCfg = Release|Any CPU
		{682D26AC-FC13-7A8F-47D7-D8732FCDFC39}.Release|Any CPU.Build.0 = Release|Any CPU
		{97E32B3D-5183-CEBC-E5C8-D937858A08FA}.Debug|Any CPU.ActiveCfg = Debug|Any CPU
		{97E32B3D-5183-CEBC-E5C8-D937858A08FA}.Debug|Any CPU.Build.0 = Debug|Any CPU
		{97E32B3D-5183-CEBC-E5C8-D937858A08FA}.Release|Any CPU.ActiveCfg = Release|Any CPU
		{97E32B3D-5183-CEBC-E5C8-D937858A08FA}.Release|Any CPU.Build.0 = Release|Any CPU
		{7D02F5F2-AF7C-CE11-CC29-CAA7E44276CB}.Debug|Any CPU.ActiveCfg = Debug|Any CPU
		{7D02F5F2-AF7C-CE11-CC29-CAA7E44276CB}.Debug|Any CPU.Build.0 = Debug|Any CPU
		{7D02F5F2-AF7C-CE11-CC29-CAA7E44276CB}.Release|Any CPU.ActiveCfg = Release|Any CPU
		{7D02F5F2-AF7C-CE11-CC29-CAA7E44276CB}.Release|Any CPU.Build.0 = Release|Any CPU
		{40D2752E-1C39-8511-92E6-897393E67E1B}.Debug|Any CPU.ActiveCfg = Debug|Any CPU
		{40D2752E-1C39-8511-92E6-897393E67E1B}.Debug|Any CPU.Build.0 = Debug|Any CPU
		{40D2752E-1C39-8511-92E6-897393E67E1B}.Release|Any CPU.ActiveCfg = Release|Any CPU
		{40D2752E-1C39-8511-92E6-897393E67E1B}.Release|Any CPU.Build.0 = Release|Any CPU
		{08447CF9-9E8B-17F6-8BE4-ED669EF8864E}.Debug|Any CPU.ActiveCfg = Debug|Any CPU
		{08447CF9-9E8B-17F6-8BE4-ED669EF8864E}.Debug|Any CPU.Build.0 = Debug|Any CPU
		{08447CF9-9E8B-17F6-8BE4-ED669EF8864E}.Release|Any CPU.ActiveCfg = Release|Any CPU
		{08447CF9-9E8B-17F6-8BE4-ED669EF8864E}.Release|Any CPU.Build.0 = Release|Any CPU
		{91E3C39E-D6C3-5DBE-AFA1-4A4EE0798A36}.Debug|Any CPU.ActiveCfg = Debug|Any CPU
		{91E3C39E-D6C3-5DBE-AFA1-4A4EE0798A36}.Debug|Any CPU.Build.0 = Debug|Any CPU
		{91E3C39E-D6C3-5DBE-AFA1-4A4EE0798A36}.Release|Any CPU.ActiveCfg = Release|Any CPU
		{91E3C39E-D6C3-5DBE-AFA1-4A4EE0798A36}.Release|Any CPU.Build.0 = Release|Any CPU
		{D9B4B6EE-ACC2-E66F-576A-439F6A43CC55}.Debug|Any CPU.ActiveCfg = Debug|Any CPU
		{D9B4B6EE-ACC2-E66F-576A-439F6A43CC55}.Debug|Any CPU.Build.0 = Debug|Any CPU
		{D9B4B6EE-ACC2-E66F-576A-439F6A43CC55}.Release|Any CPU.ActiveCfg = Release|Any CPU
		{D9B4B6EE-ACC2-E66F-576A-439F6A43CC55}.Release|Any CPU.Build.0 = Release|Any CPU
		{5CFAA08C-FDFA-9FDF-CB8A-17387FC17E52}.Debug|Any CPU.ActiveCfg = Debug|Any CPU
		{5CFAA08C-FDFA-9FDF-CB8A-17387FC17E52}.Debug|Any CPU.Build.0 = Debug|Any CPU
		{5CFAA08C-FDFA-9FDF-CB8A-17387FC17E52}.Release|Any CPU.ActiveCfg = Release|Any CPU
		{5CFAA08C-FDFA-9FDF-CB8A-17387FC17E52}.Release|Any CPU.Build.0 = Release|Any CPU
	EndGlobalSection
	GlobalSection(SolutionProperties) = preSolution
		HideSolutionNode = FALSE
	EndGlobalSection
EndGlobal
